
Microsoft Visual Studio Solution File, Format Version 12.00
# Visual Studio 15
VisualStudioVersion = 15.0.27004.2009
MinimumVisualStudioVersion = 10.0.40219.1
Project("{2150E333-8FDC-42A3-9474-1A3956D46DE8}") = "Business", "Business", "{2D625A9B-46F3-4298-B609-13D4A80D6C37}"
EndProject
Project("{2150E333-8FDC-42A3-9474-1A3956D46DE8}") = "Client", "Client", "{A8DD9CBC-763D-4021-8812-D87AACDC3A7C}"
EndProject
Project("{2150E333-8FDC-42A3-9474-1A3956D46DE8}") = "Core", "Core", "{DE181C4A-1AEA-467F-9A10-A5B24551A3A5}"
EndProject
Project("{2150E333-8FDC-42A3-9474-1A3956D46DE8}") = "Tests", "Tests", "{C35D60BA-BD81-4289-BACC-213AF1C84BC1}"
EndProject
Project("{FAE04EC0-301F-11D3-BF4B-00C04F79EFBC}") = "CarRental.Client.Entities", "CarRental.Client.Entities\CarRental.Client.Entities.csproj", "{8E1021FB-40ED-4379-BC9A-0CEBB6DF6681}"
EndProject
Project("{FAE04EC0-301F-11D3-BF4B-00C04F79EFBC}") = "CarRental.Business.Entities", "CarRental.Business.Entities\CarRental.Business.Entities.csproj", "{1EA5AC22-3799-403E-B24C-2D2B0FB07115}"
EndProject
Project("{FAE04EC0-301F-11D3-BF4B-00C04F79EFBC}") = "Core.Common", "Core.Common\Core.Common.csproj", "{06387A69-615F-4047-A161-04E058C1F41A}"
EndProject
Project("{FAE04EC0-301F-11D3-BF4B-00C04F79EFBC}") = "Core.Common.Contracts", "Core.Common.Contracts\Core.Common.Contracts.csproj", "{8259B726-BF63-4C95-A0F3-BF0671E3553B}"
EndProject
Project("{FAE04EC0-301F-11D3-BF4B-00C04F79EFBC}") = "Core.Common.Tests", "Core.Common.Tests\Core.Common.Tests.csproj", "{2FAF500E-DBD3-418E-AC28-8EF87FE117A3}"
EndProject
Project("{2150E333-8FDC-42A3-9474-1A3956D46DE8}") = "Resource Access", "Resource Access", "{E98251A8-1851-4654-B793-48042ACE7500}"
EndProject
Project("{FAE04EC0-301F-11D3-BF4B-00C04F79EFBC}") = "CarRental.Data", "CarRental.Data\CarRental.Data.csproj", "{A3C4F9FE-485C-40EA-ABEF-56DB24D2F45E}"
EndProject
Project("{FAE04EC0-301F-11D3-BF4B-00C04F79EFBC}") = "CarRental.Data.Contracts", "CarRental.Data.Contracts\CarRental.Data.Contracts.csproj", "{F3E89069-D9F8-4E84-85BB-AB4FE38802A0}"
EndProject
Project("{FAE04EC0-301F-11D3-BF4B-00C04F79EFBC}") = "CarRental.Data.Tests", "CarRental.Data.Tests\CarRental.Data.Tests.csproj", "{527918A4-908D-4B36-B509-C8BC013E5B73}"
EndProject
Project("{FAE04EC0-301F-11D3-BF4B-00C04F79EFBC}") = "CarRental.Business.Bootstrapper", "CarRental.Business.Bootstrapper\CarRental.Business.Bootstrapper.csproj", "{D60D6488-9AEF-4A0A-AB33-50E15CF740A1}"
EndProject
Global
	GlobalSection(SolutionConfigurationPlatforms) = preSolution
		Debug|Any CPU = Debug|Any CPU
		Release|Any CPU = Release|Any CPU
	EndGlobalSection
	GlobalSection(ProjectConfigurationPlatforms) = postSolution
		{8E1021FB-40ED-4379-BC9A-0CEBB6DF6681}.Debug|Any CPU.ActiveCfg = Debug|Any CPU
		{8E1021FB-40ED-4379-BC9A-0CEBB6DF6681}.Debug|Any CPU.Build.0 = Debug|Any CPU
		{8E1021FB-40ED-4379-BC9A-0CEBB6DF6681}.Release|Any CPU.ActiveCfg = Release|Any CPU
		{8E1021FB-40ED-4379-BC9A-0CEBB6DF6681}.Release|Any CPU.Build.0 = Release|Any CPU
		{1EA5AC22-3799-403E-B24C-2D2B0FB07115}.Debug|Any CPU.ActiveCfg = Debug|Any CPU
		{1EA5AC22-3799-403E-B24C-2D2B0FB07115}.Debug|Any CPU.Build.0 = Debug|Any CPU
		{1EA5AC22-3799-403E-B24C-2D2B0FB07115}.Release|Any CPU.ActiveCfg = Release|Any CPU
		{1EA5AC22-3799-403E-B24C-2D2B0FB07115}.Release|Any CPU.Build.0 = Release|Any CPU
		{06387A69-615F-4047-A161-04E058C1F41A}.Debug|Any CPU.ActiveCfg = Debug|Any CPU
		{06387A69-615F-4047-A161-04E058C1F41A}.Debug|Any CPU.Build.0 = Debug|Any CPU
		{06387A69-615F-4047-A161-04E058C1F41A}.Release|Any CPU.ActiveCfg = Release|Any CPU
		{06387A69-615F-4047-A161-04E058C1F41A}.Release|Any CPU.Build.0 = Release|Any CPU
		{8259B726-BF63-4C95-A0F3-BF0671E3553B}.Debug|Any CPU.ActiveCfg = Debug|Any CPU
		{8259B726-BF63-4C95-A0F3-BF0671E3553B}.Debug|Any CPU.Build.0 = Debug|Any CPU
		{8259B726-BF63-4C95-A0F3-BF0671E3553B}.Release|Any CPU.ActiveCfg = Release|Any CPU
		{8259B726-BF63-4C95-A0F3-BF0671E3553B}.Release|Any CPU.Build.0 = Release|Any CPU
		{2FAF500E-DBD3-418E-AC28-8EF87FE117A3}.Debug|Any CPU.ActiveCfg = Debug|Any CPU
		{2FAF500E-DBD3-418E-AC28-8EF87FE117A3}.Debug|Any CPU.Build.0 = Debug|Any CPU
		{2FAF500E-DBD3-418E-AC28-8EF87FE117A3}.Release|Any CPU.ActiveCfg = Release|Any CPU
		{2FAF500E-DBD3-418E-AC28-8EF87FE117A3}.Release|Any CPU.Build.0 = Release|Any CPU
		{A3C4F9FE-485C-40EA-ABEF-56DB24D2F45E}.Debug|Any CPU.ActiveCfg = Debug|Any CPU
		{A3C4F9FE-485C-40EA-ABEF-56DB24D2F45E}.Debug|Any CPU.Build.0 = Debug|Any CPU
		{A3C4F9FE-485C-40EA-ABEF-56DB24D2F45E}.Release|Any CPU.ActiveCfg = Release|Any CPU
		{A3C4F9FE-485C-40EA-ABEF-56DB24D2F45E}.Release|Any CPU.Build.0 = Release|Any CPU
		{F3E89069-D9F8-4E84-85BB-AB4FE38802A0}.Debug|Any CPU.ActiveCfg = Debug|Any CPU
		{F3E89069-D9F8-4E84-85BB-AB4FE38802A0}.Debug|Any CPU.Build.0 = Debug|Any CPU
		{F3E89069-D9F8-4E84-85BB-AB4FE38802A0}.Release|Any CPU.ActiveCfg = Release|Any CPU
		{F3E89069-D9F8-4E84-85BB-AB4FE38802A0}.Release|Any CPU.Build.0 = Release|Any CPU
		{527918A4-908D-4B36-B509-C8BC013E5B73}.Debug|Any CPU.ActiveCfg = Debug|Any CPU
		{527918A4-908D-4B36-B509-C8BC013E5B73}.Debug|Any CPU.Build.0 = Debug|Any CPU
		{527918A4-908D-4B36-B509-C8BC013E5B73}.Release|Any CPU.ActiveCfg = Release|Any CPU
		{527918A4-908D-4B36-B509-C8BC013E5B73}.Release|Any CPU.Build.0 = Release|Any CPU
		{D60D6488-9AEF-4A0A-AB33-50E15CF740A1}.Debug|Any CPU.ActiveCfg = Debug|Any CPU
		{D60D6488-9AEF-4A0A-AB33-50E15CF740A1}.Debug|Any CPU.Build.0 = Debug|Any CPU
		{D60D6488-9AEF-4A0A-AB33-50E15CF740A1}.Release|Any CPU.ActiveCfg = Release|Any CPU
		{D60D6488-9AEF-4A0A-AB33-50E15CF740A1}.Release|Any CPU.Build.0 = Release|Any CPU
	EndGlobalSection
	GlobalSection(SolutionProperties) = preSolution
		HideSolutionNode = FALSE
	EndGlobalSection
	GlobalSection(NestedProjects) = preSolution
		{8E1021FB-40ED-4379-BC9A-0CEBB6DF6681} = {A8DD9CBC-763D-4021-8812-D87AACDC3A7C}
		{1EA5AC22-3799-403E-B24C-2D2B0FB07115} = {2D625A9B-46F3-4298-B609-13D4A80D6C37}
		{06387A69-615F-4047-A161-04E058C1F41A} = {DE181C4A-1AEA-467F-9A10-A5B24551A3A5}
		{8259B726-BF63-4C95-A0F3-BF0671E3553B} = {DE181C4A-1AEA-467F-9A10-A5B24551A3A5}
		{2FAF500E-DBD3-418E-AC28-8EF87FE117A3} = {C35D60BA-BD81-4289-BACC-213AF1C84BC1}
		{A3C4F9FE-485C-40EA-ABEF-56DB24D2F45E} = {E98251A8-1851-4654-B793-48042ACE7500}
		{F3E89069-D9F8-4E84-85BB-AB4FE38802A0} = {E98251A8-1851-4654-B793-48042ACE7500}
		{527918A4-908D-4B36-B509-C8BC013E5B73} = {C35D60BA-BD81-4289-BACC-213AF1C84BC1}
		{D60D6488-9AEF-4A0A-AB33-50E15CF740A1} = {2D625A9B-46F3-4298-B609-13D4A80D6C37}
	EndGlobalSection
	GlobalSection(ExtensibilityGlobals) = postSolution
		SolutionGuid = {0B7C420A-FF0D-4C81-A622-6150F32D8CF7}
	EndGlobalSection
EndGlobal
